lockfileVersion: '6.0'

settings:
  autoInstallPeers: true
  excludeLinksFromLockfile: false

dependencies:
  qingkuai:
    specifier: file:/users/lianggaoqiang/desktop/QingKuai/qingkuai
    version: file:../../../../../../../users/lianggaoqiang/desktop/QingKuai/qingkuai

packages:

  /@babel/helper-string-parser@7.25.7:
    resolution: {integrity: sha512-CbkjYdsJNHFk8uqpEkpCvRs3YRp9tY6FmFY7wLMSYuGYkrdUi7r2lc4/wqsvlHoMznX3WJ9IP8giGPq68T/Y6g==}
    engines: {node: '>=6.9.0'}
    dev: false

  /@babel/helper-validator-identifier@7.25.7:
    resolution: {integrity: sha512-AM6TzwYqGChO45oiuPqwL2t20/HdMC1rTPAesnBCgPCSF1x3oN9MVUwQV2iyz4xqWrctwK5RNC8LV22kaQCNYg==}
    engines: {node: '>=6.9.0'}
    dev: false

  /@babel/parser@7.25.8:
    resolution: {integrity: sha512-HcttkxzdPucv3nNFmfOOMfFf64KgdJVqm1KaCm25dPGMLElo9nsLvXeJECQg8UzPuBGLyTSA0ZzqCtDSzKTEoQ==}
    engines: {node: '>=6.0.0'}
    hasBin: true
    dependencies:
      '@babel/types': 7.25.8
    dev: false

  /@babel/types@7.25.8:
    resolution: {integrity: sha512-JWtuCu8VQsMladxVz/P4HzHUGCAwpuqacmowgXFs5XjxIgKuNjnLokQzuVjlTvIzODaDmpjT3oxcC48vyk9EWg==}
    engines: {node: '>=6.9.0'}
    dependencies:
      '@babel/helper-string-parser': 7.25.7
      '@babel/helper-validator-identifier': 7.25.7
      to-fast-properties: 2.0.0
    dev: false

  /@jridgewell/sourcemap-codec@1.5.0:
    resolution: {integrity: sha512-gv3ZRaISU3fjPAgNsriBRqGWQL6quFx04YMPW/zD8XMLsU32mhCCbfbO6KZFLjvYpCZ8zyDEgqsgf+PwPaM7GQ==}
    dev: false

  /to-fast-properties@2.0.0:
    resolution: {integrity: sha512-/OaKK0xYrs3DmxRYqL/yDc+FxFUVYhDlXMhRmv3z915w2HF1tnN1omB354j8VUGO/hbRzyD6Y3sA7v7GS/ceog==}
    engines: {node: '>=4'}
    dev: false

  file:../../../../../../../users/lianggaoqiang/desktop/QingKuai/qingkuai:
    resolution: {directory: ../../../../../../../users/lianggaoqiang/desktop/QingKuai/qingkuai, type: directory}
    name: qingkuai
    engines: {node: '>=14'}
    dependencies:
      '@babel/parser': 7.25.8
      '@jridgewell/sourcemap-codec': 1.5.0
    dev: false
